{
  "name": "me",
  "lockfileVersion": 2,
  "requires": true,
  "packages": {
    "": {
      "devDependencies": {
        "@cloudflare/workers-types": "^3.4.0"
      }
    },
    "node_modules/@cloudflare/workers-types": {
      "version": "3.4.0",
      "resolved": "https://registry.npmjs.org/@cloudflare/workers-types/-/workers-types-3.4.0.tgz",
      "integrity": "sha512-i/3czUrt6YqbOWl44OtIqd0cSZvEVXp/1oD/DZylC4PHZL3q/BhbamdEVeVhc/HPk4iD/7MZ2HGaIMO4Z4b12A==",
      "dev": true
    }
  },
  "dependencies": {
    "@cloudflare/workers-types": {
      "version": "3.4.0",
      "resolved": "https://registry.npmjs.org/@cloudflare/workers-types/-/workers-types-3.4.0.tgz",
      "integrity": "sha512-i/3czUrt6YqbOWl44OtIqd0cSZvEVXp/1oD/DZylC4PHZL3q/BhbamdEVeVhc/HPk4iD/7MZ2HGaIMO4Z4b12A==",
      "dev": true
    }
  }
}
